# This file is autogenerated, do not edit; changes may be undone by the next 'dep ensure'.


[[projects]]
  digest = "1:9f3b30d9f8e0d7040f729b82dcbc8f0dead820a133b3147ce355fc451f32d761"
  name = "github.com/BurntSushi/toml"
  packages = ["."]
  pruneopts = "UT"
  revision = "3012a1dbe2e4bd1391d42b32f0577cb7bbc7f005"
  version = "v0.3.1"

[[projects]]
  branch = "master"
  digest = "1:666e6921bb482fe300dc23d2ac545e4bc8ad08a493ffad37ea8d7edbf8fc05c5"
  name = "github.com/Masterminds/semver"
  packages = ["."]
  pruneopts = "UT"
  revision = "c84ddcca87bf5a941b138dde832a7e20b0159ad8"

[[projects]]
  branch = "master"
  digest = "1:c5277d85d0dde9168f086cb3fc19f6f759c8524f0c13fb8dea9573bff4860abe"
  name = "github.com/Masterminds/sprig"
  packages = ["."]
  pruneopts = "UT"
  revision = "77bb58b7f5e10889a1195c21b9e7a96ee166f199"

[[projects]]
  branch = "master"
  digest = "1:607794e3030e79527e11cba224fb6db52d53c602d57879d8771c19c0e256a59d"
  name = "github.com/antchfx/xpath"
  packages = ["."]
  pruneopts = "UT"
  revision = "3de91f3991a1af6e495d49c9218318b5544b20e3"

[[projects]]
  branch = "master"
  digest = "1:8f5416c7f59da8600725ae1ff00a99af1da8b04c211ae6f3c8f8bcab0164f650"
  name = "github.com/aokoli/goutils"
  packages = ["."]
  pruneopts = "UT"
  revision = "3391d3790d23d03408670993e957e8f408993c34"

[[projects]]
  digest = "1:ffe9824d294da03b391f44e1ae8281281b4afc1bdaa9588c9097785e3af10cec"
  name = "github.com/davecgh/go-spew"
  packages = ["spew"]
  pruneopts = "UT"
  revision = "8991bc29aa16c548c550c7ff78260e27b9ab7c73"
  version = "v1.1.1"

[[projects]]
  branch = "master"
  digest = "1:10ed28b6c04f028f3b2421fcd3074c0224bb0c4b69ca99e783fbff0fac13ac5e"
  name = "github.com/emirpasic/gods"
  packages = [
    "containers",
    "lists",
    "lists/arraylist",
    "trees",
    "trees/binaryheap",
    "utils",
  ]
  pruneopts = "UT"
  revision = "bba54c718c4e39e4db35f73e0c660df44a4de4cd"

[[projects]]
  branch = "master"
  digest = "1:bbc4aacabe6880bdbce849c64cb061b7eddf39f132af4ea2853ddd32f85fbec3"
  name = "github.com/fatih/camelcase"
  packages = ["."]
  pruneopts = "UT"
  revision = "44e46d280b43ec1531bb25252440e34f1b800b65"

[[projects]]
  digest = "1:3f7c586d2fd571c4f2e3d313c0638b33b999055de507d5f11fafe27e5adc30db"
  name = "github.com/gogo/protobuf"
  packages = [
    "gogoproto",
    "proto",
    "protoc-gen-gogo/descriptor",
    "sortkeys",
    "types",
  ]
  pruneopts = "UT"
  revision = "636bf0302bc95575d69441b25a2603156ffdddf1"
  version = "v1.1.1"

[[projects]]
  digest = "1:4c0989ca0bcd10799064318923b9bc2db6b4d6338dd75f3f2d86c3511aaaf5cf"
  name = "github.com/golang/protobuf"
  packages = [
    "proto",
    "ptypes",
    "ptypes/any",
    "ptypes/duration",
    "ptypes/timestamp",
  ]
  pruneopts = "UT"
  revision = "aa810b61a9c79d51363740d207bb46cf8e620ed5"
  version = "v1.2.0"

[[projects]]
  branch = "master"
  digest = "1:4b3280120660e5f6649d6396be841bcdfb6834dbf9ca25d84a639b14a0a6d13a"
  name = "github.com/google/uuid"
  packages = ["."]
  pruneopts = "UT"
  revision = "e704694aed0ea004bb7eb1fc2e911d048a54606a"

[[projects]]
  branch = "master"
  digest = "1:82ae4a01ab513802a68d4094e0eca6c5aaa9445633560e2c0491263e37361620"
  name = "github.com/huandu/xstrings"
  packages = ["."]
  pruneopts = "UT"
  revision = "8bbcf2f9ccb55755e748b7644164cd4bdce94c1d"

[[projects]]
  branch = "master"
  digest = "1:8eb1de8112c9924d59bf1d3e5c26f5eaa2bfc2a5fcbb92dc1c2e4546d695f277"
  name = "github.com/imdario/mergo"
  packages = ["."]
  pruneopts = "UT"
  revision = "9f23e2d6bd2a77f959b2bf6acdbefd708a83a4a4"

[[projects]]
  digest = "1:870d441fe217b8e689d7949fef6e43efbc787e50f200cb1e70dbca9204a1d6be"
  name = "github.com/inconshreveable/mousetrap"
  packages = ["."]
  pruneopts = "UT"
  revision = "76626ae9c91c4f2a10f34cad8ce83ea42c93bb75"
  version = "v1.0"

[[projects]]
  branch = "master"
  digest = "1:62fe3a7ea2050ecbd753a71889026f83d73329337ada66325cbafd5dea5f713d"
  name = "github.com/jbenet/go-context"
  packages = ["io"]
  pruneopts = "UT"
  revision = "d14ea06fba99483203c19d92cfcd13ebe73135f4"

[[projects]]
  branch = "master"
  digest = "1:7248f832d2ec4b41627eb8bd55645bc42048a392ddeb647fd0abb2b69f1ded1a"
  name = "github.com/jeffail/tunny"
  packages = ["."]
  pruneopts = "UT"
  revision = "59cfa8fcb19f5acba8db07a0dd3cb2fa7edbc228"

[[projects]]
  branch = "master"
  digest = "1:a84fae99960f33c73468c3de94b5053f1362d62806a92dc925bc6ba9b687f646"
  name = "github.com/kevinburke/ssh_config"
  packages = ["."]
  pruneopts = "UT"
  revision = "802051befeb51da415c46972b5caf36e7c33c53d"

[[projects]]
  branch = "master"
  digest = "1:bcdd3c95159bf18932c5a3bc7da945c19dd477f54d0d24f4ea04b31076468681"
  name = "github.com/mattn/go-runewidth"
  packages = ["."]
  pruneopts = "UT"
  revision = "97311d9f7767e3d6f422ea06661bc2c7a19e8a5d"

[[projects]]
  branch = "master"
  digest = "1:1c1a166be1c2f3bbc0c9b7c87a0877ede9ff5f865b406bb0379ca790b3dddf03"
  name = "github.com/mcuadros/go-lookup"
  packages = ["."]
  pruneopts = "UT"
  revision = "5650f26be7675b629fff8356a50d906fa03e9c8b"

[[projects]]
  branch = "master"
  digest = "1:c99caced18127b6ae7a0be25bdf64155a8b5337d18fce1e7df0a8e68beb18767"
  name = "github.com/minio/highwayhash"
  packages = ["."]
  pruneopts = "UT"
  revision = "85fc8a2dacad36a6beb2865793cd81363a496696"

[[projects]]
  branch = "master"
  digest = "1:12ae6210bdbdad658a9a67fd95cd9c99f7fdbf12f6d36eaf0af704e69dacf4f5"
  name = "github.com/mitchellh/go-homedir"
  packages = ["."]
  pruneopts = "UT"
  revision = "b8bc1bf767474819792c23f32d8286a45736f1c6"

[[projects]]
  digest = "1:b8a91524c7e262bcf2fde6e6bdcebfcaa6450ad073af6df6301fd5f6c32a838b"
  name = "github.com/moovweb/rubex"
  packages = ["."]
  pruneopts = "UT"
  revision = "cb849acea6148000db8a55743f71476b0897ea41"
  version = "6.3.107"

[[projects]]
  branch = "master"
  digest = "1:cab1f682826733526a4b49a45cb64fab31930f2cc2684fa14c64b090b1c25b13"
  name = "github.com/pelletier/go-buffruneio"
  packages = ["."]
  pruneopts = "UT"
  revision = "e2f66f8164ca709d4c21e815860afd2024e9b894"

[[projects]]
  branch = "master"
  digest = "1:6c13131f5eae63cc6c362fc27bee2ed16e32d0bd2bfd869ce2093b6e32917c7c"
  name = "github.com/pkg/errors"
  packages = ["."]
  pruneopts = "UT"
  revision = "f15c970de5b76fac0b59abb32d62c17cc7bed265"

[[projects]]
  digest = "1:0028cb19b2e4c3112225cd871870f2d9cf49b9b4276531f03438a88e94be86fe"
  name = "github.com/pmezard/go-difflib"
  packages = ["difflib"]
  pruneopts = "UT"
  revision = "792786c7400a136282c1664665ae0a8db921c6c2"
  version = "v1.0.0"

[[projects]]
  digest = "1:d0d418e1c02e6fc00259ef09d0d4f5135fc6aedac356ff0a11f4e5ef0c447270"
  name = "github.com/sergi/go-diff"
  packages = ["diffmatchpatch"]
  pruneopts = "UT"
  revision = "da645544ed44df016359bd4c0e3dc60ee3a0da43"

[[projects]]
  digest = "1:645cabccbb4fa8aab25a956cbcbdf6a6845ca736b2c64e197ca7cbb9d210b939"
  name = "github.com/spf13/cobra"
  packages = ["."]
  pruneopts = "UT"
  revision = "ef82de70bb3f60c65fb8eebacbb2d122ef517385"
  version = "v0.0.3"

[[projects]]
  digest = "1:c1b1102241e7f645bc8e0c22ae352e8f0dc6484b6cb4d132fa9f24174e0119e2"
  name = "github.com/spf13/pflag"
  packages = ["."]
  pruneopts = "UT"
  revision = "298182f68c66c05229eb03ac171abe6e309ee79a"
  version = "v1.0.3"

[[projects]]
  branch = "v1"
  digest = "1:3681df693b35e7df9937dbd54b9f179aee5b54f4a28f72ad191e87038e6ffcab"
  name = "github.com/src-d/gcfg"
  packages = [
    ".",
    "scanner",
    "token",
    "types",
  ]
  pruneopts = "UT"
  revision = "f187355171c936ac84a82793659ebb4936bc1c23"

[[projects]]
  digest = "1:e7e3141ecc5f7eeae9a1a4438044614049ccdd57a302b8793dec0c29202cadce"
  name = "github.com/stretchr/testify"
  packages = ["assert"]
  pruneopts = "UT"
  revision = "5b93e2dc01fd8fbf32aa74a198b0ebe78f6f6b6f"

[[projects]]
  branch = "master"
  digest = "1:da7aadd5db15c43ddd9b13d2c770103c081f7c377d92b3a8b256087fc74311ea"
  name = "github.com/tensorflow/tensorflow"
  packages = ["tensorflow/go"]
  pruneopts = "UT"
  revision = "f73d7c90ed05bcf9f36f6a3be0c29efa5fef0f6e"

[[projects]]
  branch = "master"
  digest = "1:2699f40ea73866f38eccb385738750a71a05cec654f029e78f620caccefd85e4"
  name = "github.com/toqueteos/trie"
  packages = ["."]
  pruneopts = "UT"
  revision = "56fed4a05683322f125e2d78ee269bb102280392"

[[projects]]
  digest = "1:afc0b8068986a01e2d8f449917829753a54f6bd4d1265c2b4ad9cba75560020f"
  name = "github.com/xanzy/ssh-agent"
  packages = ["."]
  pruneopts = "UT"
  revision = "640f0ab560aeb89d523bb6ac322b1244d5c3796c"
  version = "v0.2.0"

[[projects]]
  branch = "master"
  digest = "1:19469bd9ed9a0ab16d14e328f48f9b97113b9a54bdc8b16ad47ba2c378778818"
  name = "golang.org/x/crypto"
  packages = [
    "cast5",
    "curve25519",
    "ed25519",
    "ed25519/internal/edwards25519",
    "openpgp",
    "openpgp/armor",
    "openpgp/elgamal",
    "openpgp/errors",
    "openpgp/packet",
    "openpgp/s2k",
    "pbkdf2",
    "scrypt",
    "ssh",
    "ssh/agent",
    "ssh/knownhosts",
    "ssh/terminal",
  ]
  pruneopts = "UT"
  revision = "96846453c37f0876340a66a47f3f75b1f3a6cd2d"

[[projects]]
  branch = "master"
  digest = "1:05975da5a07cfcf19e75724b282453225b4c2d73ae5d238362406e408328d126"
  name = "golang.org/x/net"
  packages = [
    "context",
    "http2",
    "http2/hpack",
    "idna",
    "internal/timeseries",
    "lex/httplex",
    "trace",
  ]
  pruneopts = "UT"
  revision = "a8b9294777976932365dabb6640cf1468d95c70f"

[[projects]]
  branch = "master"
  digest = "1:62ca3f49ce225f596c1b1581e2fcbbb7710d84aa59580d48c4ed025b43aa949b"
  name = "golang.org/x/sys"
  packages = [
    "cpu",
    "unix",
    "windows",
  ]
  pruneopts = "UT"
  revision = "5cd93ef61a7c8f0f858690154eb6de2e69415fa1"

[[projects]]
  branch = "master"
  digest = "1:3c6a43a33a473a50194e978adf812e62fe8ca0f430847231e1f4a71543572faa"
  name = "golang.org/x/text"
  packages = [
    "collate",
    "collate/build",
    "internal/colltab",
    "internal/gen",
    "internal/tag",
    "internal/triegen",
    "internal/ucd",
    "language",
    "secure/bidirule",
    "transform",
    "unicode/bidi",
    "unicode/cldr",
    "unicode/norm",
    "unicode/rangetable",
  ]
  pruneopts = "UT"
  revision = "556d234e9c5239918de4d1fe247d1fe004e71764"

[[projects]]
  branch = "master"
  digest = "1:cd018653a358d4b743a9d3bee89e825521f2ab2f2ec0770164bf7632d8d73ab7"
  name = "google.golang.org/genproto"
  packages = ["googleapis/rpc/status"]
  pruneopts = "UT"
  revision = "7f0da29060c682909f650ad8ed4e515bd74fa12a"

[[projects]]
  digest = "1:c3ad9841823db6da420a5625b367913b4ff54bbe60e8e3c98bd20e243e62e2d2"
  name = "google.golang.org/grpc"
  packages = [
    ".",
    "balancer",
    "balancer/base",
    "balancer/roundrobin",
    "codes",
    "connectivity",
    "credentials",
    "encoding",
    "encoding/proto",
    "grpclog",
    "internal",
    "internal/backoff",
    "internal/channelz",
    "internal/envconfig",
    "internal/grpcrand",
    "internal/transport",
    "keepalive",
    "metadata",
    "naming",
    "peer",
    "resolver",
    "resolver/dns",
    "resolver/passthrough",
    "stats",
    "status",
    "tap",
  ]
  pruneopts = "UT"
  revision = "2e463a05d100327ca47ac218281906921038fd95"
  version = "v1.16.0"

[[projects]]
  digest = "1:ace997f8ef569276114f7a4e2a8b44cc8ee34b4d756ccbeb73f612589d98b0b3"
  name = "gopkg.in/bblfsh/client-go.v2"
  packages = [
    ".",
    "tools",
  ]
  pruneopts = "UT"
  revision = "47a750b0793f5094635bd013001c435bacc6ac48"
  version = "v2.8.8"

[[projects]]
  digest = "1:861bb28098fdd02360af9d9a1c246cce4e255c94d6a75661e74dd60144d72105"
  name = "gopkg.in/bblfsh/sdk.v1"
  packages = [
    "manifest",
    "protocol",
    "uast",
  ]
  pruneopts = "UT"
  revision = "94e3b212553e761677da180f321d9a7a60ebec5f"
  version = "v1.16.1"

[[projects]]
  digest = "1:6346689fd052f5857391860ca459e3e8a53db2fe5da5165d8be8ec17735bd4c0"
  name = "gopkg.in/bblfsh/sdk.v2"
  packages = [
    "driver",
    "driver/manifest",
    "protocol",
    "protocol/v1",
    "uast",
    "uast/nodes",
    "uast/nodes/nodesproto",
    "uast/nodes/nodesproto/pio",
    "uast/query",
    "uast/query/xpath",
    "uast/role",
    "uast/transformer",
  ]
  pruneopts = "UT"
  revision = "73dccf5b138866d38733c4b371fcd597e4240516"
  version = "v2.3.0"

[[projects]]
  branch = "master"
  digest = "1:454dadc0f4c0252055bc56677665f87736f1ec62c960b21e6c116e7f70f993a4"
  name = "gopkg.in/cheggaaa/pb.v1"
  packages = ["."]
  pruneopts = "UT"
  revision = "43d64de27312b32812ca7e994fa0bb03ccf08fdf"

[[projects]]
  branch = "master"
  digest = "1:8276341abd121205600721bd831eb5209b83dd7a124d3a982e3ccc2da8c03012"
  name = "gopkg.in/neurosnap/sentences.v1"
  packages = ["."]
  pruneopts = "UT"
  revision = "a7f18ead1433a139742a8b42ce7a059cfb484d60"

[[projects]]
  digest = "1:056502949d8cff87f3c4b90ce1f1885b4c0a0566cf59ba20dea835f3be94a18d"
  name = "gopkg.in/src-d/enry.v1"
  packages = [
    ".",
    "data",
    "internal/tokenizer",
    "regex",
  ]
  pruneopts = "UT"
  revision = "fe18dc0830edf4f567b398c8e2b5500af239623a"
  version = "v1.6.8"

[[projects]]
  digest = "1:243e7c47ccea1c5afc5c9283fccb7f44ceb051db90bb7a68bcf0d45c7a204aec"
  name = "gopkg.in/src-d/go-billy-siva.v4"
  packages = ["."]
  pruneopts = "UT"
  revision = "80a2c7ecfab413643f4101751b0bea1b5215ed45"
  version = "v4.3.0"

[[projects]]
  branch = "master"
  digest = "1:38a7affd09d9ae9111aa4e4406216b27ead3c798d38e11572757d7f37b92e631"
  name = "gopkg.in/src-d/go-billy.v4"
  packages = [
    ".",
    "helper/chroot",
    "helper/mount",
    "helper/polyfill",
    "memfs",
    "osfs",
    "util",
  ]
  pruneopts = "UT"
  revision = "83cf655d40b15b427014d7875d10850f96edba14"

[[projects]]
  digest = "1:48c5414d07b77e35a4c19f35e1c78d6a0cbdba6386005d0f8b7b86862d0ceca3"
  name = "gopkg.in/src-d/go-errors.v1"
  packages = ["."]
  pruneopts = "UT"
  revision = "8bbbeeb767dfdd053b9b45d5a16a4f4ce2c6f694"
  version = "v1.0.0"

[[projects]]
  digest = "1:e625251525d1f5db4be16d133171b031876ff4e29d8546264d8eea8ab906d977"
  name = "gopkg.in/src-d/go-git.v4"
  packages = [
    ".",
    "config",
    "internal/revision",
    "plumbing",
    "plumbing/cache",
    "plumbing/filemode",
    "plumbing/format/config",
    "plumbing/format/diff",
    "plumbing/format/gitignore",
    "plumbing/format/idxfile",
    "plumbing/format/index",
    "plumbing/format/objfile",
    "plumbing/format/packfile",
    "plumbing/format/pktline",
    "plumbing/object",
    "plumbing/protocol/packp",
    "plumbing/protocol/packp/capability",
    "plumbing/protocol/packp/sideband",
    "plumbing/revlist",
    "plumbing/storer",
    "plumbing/transport",
    "plumbing/transport/client",
    "plumbing/transport/file",
    "plumbing/transport/git",
    "plumbing/transport/http",
    "plumbing/transport/internal/common",
    "plumbing/transport/server",
    "plumbing/transport/ssh",
    "storage",
    "storage/filesystem",
    "storage/filesystem/dotgit",
    "storage/memory",
    "utils/binary",
    "utils/diff",
    "utils/ioutil",
    "utils/merkletrie",
    "utils/merkletrie/filesystem",
    "utils/merkletrie/index",
    "utils/merkletrie/internal/frame",
    "utils/merkletrie/noder",
  ]
  pruneopts = "UT"
  revision = "cd64b4d630b6c2d2b3d72e9615e14f9d58bb5787"
  version = "v4.7.1"

[[projects]]
  digest = "1:ba158cc44e2037bc427be0c4b7d7d70cc9e0320a2ef31dba7bc33a86492b0314"
  name = "gopkg.in/src-d/go-siva.v1"
  packages = ["."]
  pruneopts = "UT"
  revision = "0c04605024c3bee1d4389992be452d182ae98922"
  version = "v1.4.0"

[[projects]]
  branch = "master"
  digest = "1:98e121dbd49eb03c58bd8ef3b76322b2fdc3676cf11fa0084bb17ff01b2aa704"
  name = "gopkg.in/toqueteos/substring.v1"
  packages = ["."]
  pruneopts = "UT"
  revision = "c5f61671513240ddf5563635cc4a90e9f3ae4710"

[[projects]]
  branch = "master"
  digest = "1:bb55e2e0b84d01d21855d3c0db46f2581b44fc82f4138d9554b0ac459e08f5f6"
  name = "gopkg.in/vmarkovtsev/BiDiSentiment.v1"
  packages = [
    ".",
    "assets",
  ]
  pruneopts = "UT"
  revision = "75f168ddf1615a274af79640178536b2adc44123"

[[projects]]
  branch = "master"
  digest = "1:9df3443440bf95dc72f21ffc33300eca3975edf4b899af969a577879afe551de"
  name = "gopkg.in/warnings.v0"
  packages = ["."]
  pruneopts = "UT"
  revision = "8a331561fe74dadba6edfc59f3be66c22c3b065d"

[solve-meta]
  analyzer-name = "dep"
  analyzer-version = 1
  input-imports = [
    "github.com/Masterminds/sprig",
    "github.com/fatih/camelcase",
    "github.com/gogo/protobuf/proto",
    "github.com/gogo/protobuf/sortkeys",
    "github.com/jeffail/tunny",
    "github.com/minio/highwayhash",
    "github.com/mitchellh/go-homedir",
    "github.com/pkg/errors",
    "github.com/sergi/go-diff/diffmatchpatch",
    "github.com/spf13/cobra",
    "github.com/spf13/pflag",
    "github.com/stretchr/testify/assert",
    "golang.org/x/crypto/ssh/terminal",
    "gopkg.in/bblfsh/client-go.v2",
    "gopkg.in/bblfsh/client-go.v2/tools",
    "gopkg.in/bblfsh/sdk.v1/protocol",
    "gopkg.in/bblfsh/sdk.v1/uast",
    "gopkg.in/cheggaaa/pb.v1",
    "gopkg.in/src-d/enry.v1",
    "gopkg.in/src-d/go-billy-siva.v4",
    "gopkg.in/src-d/go-billy.v4/memfs",
    "gopkg.in/src-d/go-billy.v4/osfs",
    "gopkg.in/src-d/go-git.v4",
    "gopkg.in/src-d/go-git.v4/config",
    "gopkg.in/src-d/go-git.v4/plumbing",
    "gopkg.in/src-d/go-git.v4/plumbing/cache",
    "gopkg.in/src-d/go-git.v4/plumbing/object",
    "gopkg.in/src-d/go-git.v4/plumbing/storer",
    "gopkg.in/src-d/go-git.v4/plumbing/transport/ssh",
    "gopkg.in/src-d/go-git.v4/storage",
    "gopkg.in/src-d/go-git.v4/storage/filesystem",
    "gopkg.in/src-d/go-git.v4/storage/memory",
    "gopkg.in/src-d/go-git.v4/utils/binary",
    "gopkg.in/src-d/go-git.v4/utils/merkletrie",
    "gopkg.in/vmarkovtsev/BiDiSentiment.v1",
  ]
  solver-name = "gps-cdcl"
  solver-version = 1
